PODS:
  - audio_analyzer (0.0.1):
    - FlutterMacOS
  - audioplayers_darwin (0.0.1):
    - Flutter
    - FlutterMacOS
  - flutter_soloud (0.0.1):
    - FlutterMacOS
  - FlutterMacOS (1.0.0)
  - metronome (2.0.6):
    - Flutter
    - FlutterMacOS
  - record_darwin (1.0.0):
    - FlutterMacOS
  - share_plus (0.0.1):
    - FlutterMacOS
  - video_player_avfoundation (0.0.1):
    - Flutter
    - FlutterMacOS

DEPENDENCIES:
  - audio_analyzer (from `Flutter/ephemeral/.symlinks/plugins/audio_analyzer/macos`)
  - audioplayers_darwin (from `Flutter/ephemeral/.symlinks/plugins/audioplayers_darwin/darwin`)
  - flutter_soloud (from `Flutter/ephemeral/.symlinks/plugins/flutter_soloud/macos`)
  - FlutterMacOS (from `Flutter/ephemeral`)
  - metronome (from `Flutter/ephemeral/.symlinks/plugins/metronome/darwin`)
  - record_darwin (from `Flutter/ephemeral/.symlinks/plugins/record_darwin/macos`)
  - share_plus (from `Flutter/ephemeral/.symlinks/plugins/share_plus/macos`)
  - video_player_avfoundation (from `Flutter/ephemeral/.symlinks/plugins/video_player_avfoundation/darwin`)

EXTERNAL SOURCES:
  audio_analyzer:
    :path: Flutter/ephemeral/.symlinks/plugins/audio_analyzer/macos
  audioplayers_darwin:
    :path: Flutter/ephemeral/.symlinks/plugins/audioplayers_darwin/darwin
  flutter_soloud:
    :path: Flutter/ephemeral/.symlinks/plugins/flutter_soloud/macos
  FlutterMacOS:
    :path: Flutter/ephemeral
  metronome:
    :path: Flutter/ephemeral/.symlinks/plugins/metronome/darwin
  record_darwin:
    :path: Flutter/ephemeral/.symlinks/plugins/record_darwin/macos
  share_plus:
    :path: Flutter/ephemeral/.symlinks/plugins/share_plus/macos
  video_player_avfoundation:
    :path: Flutter/ephemeral/.symlinks/plugins/video_player_avfoundation/darwin

SPEC CHECKSUMS:
  audio_analyzer: c1293514cf7e930f7e55ccba6523d985484db8e3
  audioplayers_darwin: 835ced6edd4c9fc8ebb0a7cc9e294a91d99917d5
  flutter_soloud: 93c20641a100d25bfbc84a8b86e867f350ef29ac
  FlutterMacOS: d0db08ddef1a9af05a5ec4b724367152bb0500b1
  metronome: 1f1529854c3272b0caf8906b05bc73a0326dd033
  record_darwin: 30509266ae213af8afdb09a8ae7467cb64c1377e
  share_plus: 3c787998077d6b31e839225a282e9e27edf99274
  video_player_avfoundation: dd410b52df6d2466a42d28550e33e4146928280a

PODFILE CHECKSUM: 54d867c82ac51cbd61b565781b9fada492027009

COCOAPODS: 1.16.2
